
Microsoft Visual Studio Solution File, Format Version 12.00
# Visual Studio Version 16
VisualStudioVersion = 16.0.29503.13
MinimumVisualStudioVersion = 10.0.40219.1
Project("{F184B08F-C81C-45F6-A57F-5ABD9991F28F}") = "SolrASPNetCRUD", "SolrASPNetCRUD\SolrASPNetCRUD.vbproj", "{366DB647-60FB-417F-9FB9-6495C4D934D2}"
EndProject
Global
	GlobalSection(SolutionConfigurationPlatforms) = preSolution
		Debug|Any CPU = Debug|Any CPU
		Release|Any CPU = Release|Any CPU
	EndGlobalSection
	GlobalSection(ProjectConfigurationPlatforms) = postSolution
		{366DB647-60FB-417F-9FB9-6495C4D934D2}.Debug|Any CPU.ActiveCfg = Debug|Any CPU
		{366DB647-60FB-417F-9FB9-6495C4D934D2}.Debug|Any CPU.Build.0 = Debug|Any CPU
		{366DB647-60FB-417F-9FB9-6495C4D934D2}.Release|Any CPU.ActiveCfg = Release|Any CPU
		{366DB647-60FB-417F-9FB9-6495C4D934D2}.Release|Any CPU.Build.0 = Release|Any CPU
	EndGlobalSection
	GlobalSection(SolutionProperties) = preSolution
		HideSolutionNode = FALSE
	EndGlobalSection
	GlobalSection(ExtensibilityGlobals) = postSolution
		SolutionGuid = {BBE1AC11-A75F-49F0-8AEC-01E9962C15A8}
	EndGlobalSection
EndGlobal
